
Microsoft Visual Studio Solution File, Format Version 12.00
# Visual Studio Version 17
VisualStudioVersion = 17.7.34202.233
MinimumVisualStudioVersion = 10.0.40219.1
Project("{9A19103F-16F7-4668-BE54-9A1E7A4F7556}") = "MailRuTesting", "GmailComTesting\MailRuTesting.csproj", "{D4FC7545-7F67-4DBD-8AE8-5647D83FCB1C}"
EndProject
Project("{9A19103F-16F7-4668-BE54-9A1E7A4F7556}") = "MailTest", "MailTest\MailTest.csproj", "{77C8A2F0-C454-4A05-B7F1-DE1CEB69FDF5}"
EndProject
Global
	GlobalSection(SolutionConfigurationPlatforms) = preSolution
		Debug|Any CPU = Debug|Any CPU
		Release|Any CPU = Release|Any CPU
	EndGlobalSection
	GlobalSection(ProjectConfigurationPlatforms) = postSolution
		{D4FC7545-7F67-4DBD-8AE8-5647D83FCB1C}.Debug|Any CPU.ActiveCfg = Debug|Any CPU
		{D4FC7545-7F67-4DBD-8AE8-5647D83FCB1C}.Debug|Any CPU.Build.0 = Debug|Any CPU
		{D4FC7545-7F67-4DBD-8AE8-5647D83FCB1C}.Release|Any CPU.ActiveCfg = Release|Any CPU
		{D4FC7545-7F67-4DBD-8AE8-5647D83FCB1C}.Release|Any CPU.Build.0 = Release|Any CPU
		{77C8A2F0-C454-4A05-B7F1-DE1CEB69FDF5}.Debug|Any CPU.ActiveCfg = Debug|Any CPU
		{77C8A2F0-C454-4A05-B7F1-DE1CEB69FDF5}.Debug|Any CPU.Build.0 = Debug|Any CPU
		{77C8A2F0-C454-4A05-B7F1-DE1CEB69FDF5}.Release|Any CPU.ActiveCfg = Release|Any CPU
		{77C8A2F0-C454-4A05-B7F1-DE1CEB69FDF5}.Release|Any CPU.Build.0 = Release|Any CPU
	EndGlobalSection
	GlobalSection(SolutionProperties) = preSolution
		HideSolutionNode = FALSE
	EndGlobalSection
	GlobalSection(ExtensibilityGlobals) = postSolution
		SolutionGuid = {B173D385-030A-461F-BC27-42A041F1AC86}
	EndGlobalSection
EndGlobal
